
Microsoft Visual Studio Solution File, Format Version 12.00
# Visual Studio Version 16
VisualStudioVersion = 16.0.30503.244
MinimumVisualStudioVersion = 10.0.40219.1
Project("{FAE04EC0-301F-11D3-BF4B-00C04F79EFBC}") = "DockerEsqueL", "DockerEsqueL\DockerEsqueL.csproj", "{153D2A83-03C6-4A69-BFF9-B2EDD2C8EC7E}"
EndProject
Project("{E53339B2-1760-4266-BCC7-CA923CBCF16C}") = "docker-compose", "docker-compose.dcproj", "{27D50F5D-5A6F-4E10-B7CB-3EC07D9590E1}"
EndProject
Global
	GlobalSection(SolutionConfigurationPlatforms) = preSolution
		Debug|Any CPU = Debug|Any CPU
		Release|Any CPU = Release|Any CPU
	EndGlobalSection
	GlobalSection(ProjectConfigurationPlatforms) = postSolution
		{153D2A83-03C6-4A69-BFF9-B2EDD2C8EC7E}.Debug|Any CPU.ActiveCfg = Debug|Any CPU
		{153D2A83-03C6-4A69-BFF9-B2EDD2C8EC7E}.Debug|Any CPU.Build.0 = Debug|Any CPU
		{153D2A83-03C6-4A69-BFF9-B2EDD2C8EC7E}.Release|Any CPU.ActiveCfg = Release|Any CPU
		{153D2A83-03C6-4A69-BFF9-B2EDD2C8EC7E}.Release|Any CPU.Build.0 = Release|Any CPU
		{27D50F5D-5A6F-4E10-B7CB-3EC07D9590E1}.Debug|Any CPU.ActiveCfg = Debug|Any CPU
		{27D50F5D-5A6F-4E10-B7CB-3EC07D9590E1}.Debug|Any CPU.Build.0 = Debug|Any CPU
		{27D50F5D-5A6F-4E10-B7CB-3EC07D9590E1}.Release|Any CPU.ActiveCfg = Release|Any CPU
		{27D50F5D-5A6F-4E10-B7CB-3EC07D9590E1}.Release|Any CPU.Build.0 = Release|Any CPU
	EndGlobalSection
	GlobalSection(SolutionProperties) = preSolution
		HideSolutionNode = FALSE
	EndGlobalSection
	GlobalSection(ExtensibilityGlobals) = postSolution
		SolutionGuid = {DE0EDDB6-31DE-4354-A9E9-5A02CC9D7DD4}
	EndGlobalSection
EndGlobal
